
Microsoft Visual Studio Solution File, Format Version 12.00
# Visual Studio 15
VisualStudioVersion = 15.0.26730.12
MinimumVisualStudioVersion = 10.0.40219.1
Project("{FAE04EC0-301F-11D3-BF4B-00C04F79EFBC}") = "MRD.Common.Logging", "..\MRD.Common.Logging\MRD.Common.Logging.csproj", "{3268DCD8-76B6-4B11-8C6A-94D1B0B8A241}"
EndProject
Project("{FAE04EC0-301F-11D3-BF4B-00C04F79EFBC}") = "MRD.Common.Services", "..\MRD.Common.Services\MRD.Common.Services.csproj", "{F3F4CFF8-0F75-41B6-A11F-03A3A660F508}"
EndProject
Project("{FAE04EC0-301F-11D3-BF4B-00C04F79EFBC}") = "MRD.Common.Logging.UnitTests", "MRD.Common.Logging.UnitTests\MRD.Common.Logging.UnitTests.csproj", "{6BACF302-0676-43BC-A7E0-324F55D8B889}"
EndProject
Project("{FAE04EC0-301F-11D3-BF4B-00C04F79EFBC}") = "MRD.Common.Services.UnitTests", "MRD.Common.TimeService.UnitTests\MRD.Common.Services.UnitTests.csproj", "{4EF054E2-133F-4916-8B62-746478D55D6A}"
EndProject
Global
	GlobalSection(SolutionConfigurationPlatforms) = preSolution
		Debug|Any CPU = Debug|Any CPU
		Release|Any CPU = Release|Any CPU
	EndGlobalSection
	GlobalSection(ProjectConfigurationPlatforms) = postSolution
		{3268DCD8-76B6-4B11-8C6A-94D1B0B8A241}.Debug|Any CPU.ActiveCfg = Debug|Any CPU
		{3268DCD8-76B6-4B11-8C6A-94D1B0B8A241}.Debug|Any CPU.Build.0 = Debug|Any CPU
		{3268DCD8-76B6-4B11-8C6A-94D1B0B8A241}.Release|Any CPU.ActiveCfg = Release|Any CPU
		{3268DCD8-76B6-4B11-8C6A-94D1B0B8A241}.Release|Any CPU.Build.0 = Release|Any CPU
		{F3F4CFF8-0F75-41B6-A11F-03A3A660F508}.Debug|Any CPU.ActiveCfg = Debug|Any CPU
		{F3F4CFF8-0F75-41B6-A11F-03A3A660F508}.Debug|Any CPU.Build.0 = Debug|Any CPU
		{F3F4CFF8-0F75-41B6-A11F-03A3A660F508}.Release|Any CPU.ActiveCfg = Release|Any CPU
		{F3F4CFF8-0F75-41B6-A11F-03A3A660F508}.Release|Any CPU.Build.0 = Release|Any CPU
		{6BACF302-0676-43BC-A7E0-324F55D8B889}.Debug|Any CPU.ActiveCfg = Debug|Any CPU
		{6BACF302-0676-43BC-A7E0-324F55D8B889}.Debug|Any CPU.Build.0 = Debug|Any CPU
		{6BACF302-0676-43BC-A7E0-324F55D8B889}.Release|Any CPU.ActiveCfg = Release|Any CPU
		{6BACF302-0676-43BC-A7E0-324F55D8B889}.Release|Any CPU.Build.0 = Release|Any CPU
		{4EF054E2-133F-4916-8B62-746478D55D6A}.Debug|Any CPU.ActiveCfg = Debug|Any CPU
		{4EF054E2-133F-4916-8B62-746478D55D6A}.Debug|Any CPU.Build.0 = Debug|Any CPU
		{4EF054E2-133F-4916-8B62-746478D55D6A}.Release|Any CPU.ActiveCfg = Release|Any CPU
		{4EF054E2-133F-4916-8B62-746478D55D6A}.Release|Any CPU.Build.0 = Release|Any CPU
	EndGlobalSection
	GlobalSection(SolutionProperties) = preSolution
		HideSolutionNode = FALSE
	EndGlobalSection
	GlobalSection(ExtensibilityGlobals) = postSolution
		SolutionGuid = {1D2D21CB-58E3-49DD-8123-85EBF0927F96}
	EndGlobalSection
EndGlobal
